
Microsoft Visual Studio Solution File, Format Version 12.00
# Visual Studio Version 16
VisualStudioVersion = 16.0.29009.5
MinimumVisualStudioVersion = 10.0.40219.1
Project("{9092AA53-FB77-4645-B42D-1CCCA6BD08BD}") = "TsBundler", "TsBundler.njsproj", "{9C4F73FC-C918-470F-AF77-E561F9D3CF0C}"
EndProject
Global
	GlobalSection(SolutionConfigurationPlatforms) = preSolution
		Debug|Any CPU = Debug|Any CPU
		Release|Any CPU = Release|Any CPU
	EndGlobalSection
	GlobalSection(ProjectConfigurationPlatforms) = postSolution
		{9C4F73FC-C918-470F-AF77-E561F9D3CF0C}.Debug|Any CPU.ActiveCfg = Debug|Any CPU
		{9C4F73FC-C918-470F-AF77-E561F9D3CF0C}.Debug|Any CPU.Build.0 = Debug|Any CPU
		{9C4F73FC-C918-470F-AF77-E561F9D3CF0C}.Release|Any CPU.ActiveCfg = Release|Any CPU
		{9C4F73FC-C918-470F-AF77-E561F9D3CF0C}.Release|Any CPU.Build.0 = Release|Any CPU
	EndGlobalSection
	GlobalSection(SolutionProperties) = preSolution
		HideSolutionNode = FALSE
	EndGlobalSection
	GlobalSection(ExtensibilityGlobals) = postSolution
		SolutionGuid = {6CCFA513-9483-4C9B-84D6-F7C843290CAD}
	EndGlobalSection
EndGlobal
